
Microsoft Visual Studio Solution File, Format Version 12.00
# Visual Studio 15
VisualStudioVersion = 15.0.28307.136
MinimumVisualStudioVersion = 10.0.40219.1
Project("{FAE04EC0-301F-11D3-BF4B-00C04F79EFBC}") = "TerrariaCompiler", "TerrariaCompiler.csproj", "{8187B061-E642-41D6-BCC8-49252DA70084}"
EndProject
Global
	GlobalSection(SolutionConfigurationPlatforms) = preSolution
		Debug|Any CPU = Debug|Any CPU
		Publish|Any CPU = Publish|Any CPU
		Release|Any CPU = Release|Any CPU
	EndGlobalSection
	GlobalSection(ProjectConfigurationPlatforms) = postSolution
		{8187B061-E642-41D6-BCC8-49252DA70084}.Debug|Any CPU.ActiveCfg = Debug|Any CPU
		{8187B061-E642-41D6-BCC8-49252DA70084}.Debug|Any CPU.Build.0 = Debug|Any CPU
		{8187B061-E642-41D6-BCC8-49252DA70084}.Publish|Any CPU.ActiveCfg = Publish|Any CPU
		{8187B061-E642-41D6-BCC8-49252DA70084}.Publish|Any CPU.Build.0 = Publish|Any CPU
		{8187B061-E642-41D6-BCC8-49252DA70084}.Release|Any CPU.ActiveCfg = Release|Any CPU
		{8187B061-E642-41D6-BCC8-49252DA70084}.Release|Any CPU.Build.0 = Release|Any CPU
	EndGlobalSection
	GlobalSection(SolutionProperties) = preSolution
		HideSolutionNode = FALSE
	EndGlobalSection
	GlobalSection(ExtensibilityGlobals) = postSolution
		SolutionGuid = {2C9AE0DC-6706-4393-9DD7-39ADBB53709F}
	EndGlobalSection
EndGlobal
